
Microsoft Visual Studio Solution File, Format Version 12.00
# Visual Studio 15
VisualStudioVersion = 15.0.27703.2018
MinimumVisualStudioVersion = 10.0.40219.1
Project("{8BC9CEB8-8B4A-11D0-8D11-00A0C91BC942}") = "Server", "Server\Server.vcxproj", "{19A577A7-D1EC-4417-B115-E9C51812F6A4}"
EndProject
Global
	GlobalSection(SolutionConfigurationPlatforms) = preSolution
		Debug|x64 = Debug|x64
		Debug|x86 = Debug|x86
		Release|x64 = Release|x64
		Release|x86 = Release|x86
	EndGlobalSection
	GlobalSection(ProjectConfigurationPlatforms) = postSolution
		{19A577A7-D1EC-4417-B115-E9C51812F6A4}.Debug|x64.ActiveCfg = Debug|x64
		{19A577A7-D1EC-4417-B115-E9C51812F6A4}.Debug|x64.Build.0 = Debug|x64
		{19A577A7-D1EC-4417-B115-E9C51812F6A4}.Debug|x86.ActiveCfg = Debug|Win32
		{19A577A7-D1EC-4417-B115-E9C51812F6A4}.Debug|x86.Build.0 = Debug|Win32
		{19A577A7-D1EC-4417-B115-E9C51812F6A4}.Release|x64.ActiveCfg = Release|x64
		{19A577A7-D1EC-4417-B115-E9C51812F6A4}.Release|x64.Build.0 = Release|x64
		{19A577A7-D1EC-4417-B115-E9C51812F6A4}.Release|x86.ActiveCfg = Release|Win32
		{19A577A7-D1EC-4417-B115-E9C51812F6A4}.Release|x86.Build.0 = Release|Win32
	EndGlobalSection
	GlobalSection(SolutionProperties) = preSolution
		HideSolutionNode = FALSE
	EndGlobalSection
	GlobalSection(ExtensibilityGlobals) = postSolution
		SolutionGuid = {736EA96D-04ED-494F-B305-DADFFEDF8EE5}
	EndGlobalSection
EndGlobal
